
Microsoft Visual Studio Solution File, Format Version 12.00
# Visual Studio 15
VisualStudioVersion = 15.0.27703.2042
MinimumVisualStudioVersion = 10.0.40219.1
Project("{FAE04EC0-301F-11D3-BF4B-00C04F79EFBC}") = "CalculatorProject", "CalculatorProject\CalculatorProject.csproj", "{27009FDD-4DC9-4A08-9F23-48A409C49CCB}"
EndProject
Global
	GlobalSection(SolutionConfigurationPlatforms) = preSolution
		Debug|Any CPU = Debug|Any CPU
		Release|Any CPU = Release|Any CPU
	EndGlobalSection
	GlobalSection(ProjectConfigurationPlatforms) = postSolution
		{27009FDD-4DC9-4A08-9F23-48A409C49CCB}.Debug|Any CPU.ActiveCfg = Debug|Any CPU
		{27009FDD-4DC9-4A08-9F23-48A409C49CCB}.Debug|Any CPU.Build.0 = Debug|Any CPU
		{27009FDD-4DC9-4A08-9F23-48A409C49CCB}.Release|Any CPU.ActiveCfg = Release|Any CPU
		{27009FDD-4DC9-4A08-9F23-48A409C49CCB}.Release|Any CPU.Build.0 = Release|Any CPU
	EndGlobalSection
	GlobalSection(SolutionProperties) = preSolution
		HideSolutionNode = FALSE
	EndGlobalSection
	GlobalSection(ExtensibilityGlobals) = postSolution
		SolutionGuid = {70C1EAAC-11EC-432B-96DA-0CC4C330C61D}
	EndGlobalSection
EndGlobal
